
Microsoft Visual Studio Solution File, Format Version 12.00
# Visual Studio 15
VisualStudioVersion = 15.0.27703.2047
MinimumVisualStudioVersion = 10.0.40219.1
Project("{FAE04EC0-301F-11D3-BF4B-00C04F79EFBC}") = "OSS", "OSS\OSS.csproj", "{D9386A15-A8C2-4186-BCD7-49E8B7FCC3FA}"
EndProject
Global
	GlobalSection(SolutionConfigurationPlatforms) = preSolution
		Debug|Any CPU = Debug|Any CPU
		Release|Any CPU = Release|Any CPU
	EndGlobalSection
	GlobalSection(ProjectConfigurationPlatforms) = postSolution
		{D9386A15-A8C2-4186-BCD7-49E8B7FCC3FA}.Debug|Any CPU.ActiveCfg = Debug|Any CPU
		{D9386A15-A8C2-4186-BCD7-49E8B7FCC3FA}.Debug|Any CPU.Build.0 = Debug|Any CPU
		{D9386A15-A8C2-4186-BCD7-49E8B7FCC3FA}.Release|Any CPU.ActiveCfg = Release|Any CPU
		{D9386A15-A8C2-4186-BCD7-49E8B7FCC3FA}.Release|Any CPU.Build.0 = Release|Any CPU
	EndGlobalSection
	GlobalSection(SolutionProperties) = preSolution
		HideSolutionNode = FALSE
	EndGlobalSection
	GlobalSection(ExtensibilityGlobals) = postSolution
		SolutionGuid = {91816EEC-7880-4D35-B487-6D3BC5D5D9DB}
	EndGlobalSection
EndGlobal
